
Microsoft Visual Studio Solution File, Format Version 12.00
# Visual Studio Version 16
VisualStudioVersion = 16.0.30204.135
MinimumVisualStudioVersion = 10.0.40219.1
Project("{FAE04EC0-301F-11D3-BF4B-00C04F79EFBC}") = "UmbracoPractice", "UmbracoPractice\UmbracoPractice.csproj", "{F31C71EF-9BC8-4834-9E2D-099503D73AE9}"
EndProject
Global
	GlobalSection(SolutionConfigurationPlatforms) = preSolution
		Debug|Any CPU = Debug|Any CPU
		Release|Any CPU = Release|Any CPU
	EndGlobalSection
	GlobalSection(ProjectConfigurationPlatforms) = postSolution
		{F31C71EF-9BC8-4834-9E2D-099503D73AE9}.Debug|Any CPU.ActiveCfg = Debug|Any CPU
		{F31C71EF-9BC8-4834-9E2D-099503D73AE9}.Debug|Any CPU.Build.0 = Debug|Any CPU
		{F31C71EF-9BC8-4834-9E2D-099503D73AE9}.Release|Any CPU.ActiveCfg = Release|Any CPU
		{F31C71EF-9BC8-4834-9E2D-099503D73AE9}.Release|Any CPU.Build.0 = Release|Any CPU
	EndGlobalSection
	GlobalSection(SolutionProperties) = preSolution
		HideSolutionNode = FALSE
	EndGlobalSection
	GlobalSection(ExtensibilityGlobals) = postSolution
		SolutionGuid = {75B299F4-E99D-48C2-B0B0-D56B9E91A6B1}
	EndGlobalSection
EndGlobal
